
Microsoft Visual Studio Solution File, Format Version 12.00
# Visual Studio Version 17
VisualStudioVersion = 17.0.31919.166
MinimumVisualStudioVersion = 10.0.40219.1
Project("{9A19103F-16F7-4668-BE54-9A1E7A4F7556}") = "EMP.Web", "EMP.Web\EMP.Web.csproj", "{56983E58-B084-433A-855B-9870A6F89185}"
EndProject
Project("{9A19103F-16F7-4668-BE54-9A1E7A4F7556}") = "EMP.Dto", "EMP.Dto\EMP.Dto.csproj", "{B0476958-5AB4-4688-AE7F-380E646BBDC7}"
EndProject
Project("{9A19103F-16F7-4668-BE54-9A1E7A4F7556}") = "EMP.Service", "EMP.Service\EMP.Service.csproj", "{7675EE2C-58A4-4BA4-976A-2EBFD5A8793A}"
EndProject
Project("{FAE04EC0-301F-11D3-BF4B-00C04F79EFBC}") = "EMP.Common", "EMP.Common\EMP.Common.csproj", "{0146FF38-F924-4F72-91D9-A2F3A5CCD179}"
EndProject
Global
	GlobalSection(SolutionConfigurationPlatforms) = preSolution
		Debug|Any CPU = Debug|Any CPU
		Release|Any CPU = Release|Any CPU
	EndGlobalSection
	GlobalSection(ProjectConfigurationPlatforms) = postSolution
		{56983E58-B084-433A-855B-9870A6F89185}.Debug|Any CPU.ActiveCfg = Debug|Any CPU
		{56983E58-B084-433A-855B-9870A6F89185}.Debug|Any CPU.Build.0 = Debug|Any CPU
		{56983E58-B084-433A-855B-9870A6F89185}.Release|Any CPU.ActiveCfg = Release|Any CPU
		{56983E58-B084-433A-855B-9870A6F89185}.Release|Any CPU.Build.0 = Release|Any CPU
		{B0476958-5AB4-4688-AE7F-380E646BBDC7}.Debug|Any CPU.ActiveCfg = Debug|Any CPU
		{B0476958-5AB4-4688-AE7F-380E646BBDC7}.Debug|Any CPU.Build.0 = Debug|Any CPU
		{B0476958-5AB4-4688-AE7F-380E646BBDC7}.Release|Any CPU.ActiveCfg = Release|Any CPU
		{B0476958-5AB4-4688-AE7F-380E646BBDC7}.Release|Any CPU.Build.0 = Release|Any CPU
		{7675EE2C-58A4-4BA4-976A-2EBFD5A8793A}.Debug|Any CPU.ActiveCfg = Debug|Any CPU
		{7675EE2C-58A4-4BA4-976A-2EBFD5A8793A}.Debug|Any CPU.Build.0 = Debug|Any CPU
		{7675EE2C-58A4-4BA4-976A-2EBFD5A8793A}.Release|Any CPU.ActiveCfg = Release|Any CPU
		{7675EE2C-58A4-4BA4-976A-2EBFD5A8793A}.Release|Any CPU.Build.0 = Release|Any CPU
		{0146FF38-F924-4F72-91D9-A2F3A5CCD179}.Debug|Any CPU.ActiveCfg = Debug|Any CPU
		{0146FF38-F924-4F72-91D9-A2F3A5CCD179}.Debug|Any CPU.Build.0 = Debug|Any CPU
		{0146FF38-F924-4F72-91D9-A2F3A5CCD179}.Release|Any CPU.ActiveCfg = Release|Any CPU
		{0146FF38-F924-4F72-91D9-A2F3A5CCD179}.Release|Any CPU.Build.0 = Release|Any CPU
	EndGlobalSection
	GlobalSection(SolutionProperties) = preSolution
		HideSolutionNode = FALSE
	EndGlobalSection
	GlobalSection(ExtensibilityGlobals) = postSolution
		SolutionGuid = {7A789DCA-E245-4C97-93B1-3627A66BDD0C}
	EndGlobalSection
EndGlobal
